
Microsoft Visual Studio Solution File, Format Version 12.00
# Visual Studio 14
VisualStudioVersion = 14.0.24720.0
MinimumVisualStudioVersion = 10.0.40219.1
Project("{FAE04EC0-301F-11D3-BF4B-00C04F79EFBC}") = "Exl_Add_In_R2D2", "Exl_Add_In_R2D2\Exl_Add_In_R2D2.csproj", "{AA24C884-DC66-4B14-8AB3-ADB21DFD9930}"
EndProject
Project("{FAE04EC0-301F-11D3-BF4B-00C04F79EFBC}") = "Exl_Add_In_R2D2Web", "Exl_Add_In_R2D2Web\Exl_Add_In_R2D2Web.csproj", "{C755A250-0351-4FDA-954E-BF60C40463B0}"
EndProject
Global
	GlobalSection(SolutionConfigurationPlatforms) = preSolution
		Debug|Any CPU = Debug|Any CPU
		Release|Any CPU = Release|Any CPU
	EndGlobalSection
	GlobalSection(ProjectConfigurationPlatforms) = postSolution
		{AA24C884-DC66-4B14-8AB3-ADB21DFD9930}.Debug|Any CPU.ActiveCfg = Debug|Any CPU
		{AA24C884-DC66-4B14-8AB3-ADB21DFD9930}.Debug|Any CPU.Build.0 = Debug|Any CPU
		{AA24C884-DC66-4B14-8AB3-ADB21DFD9930}.Debug|Any CPU.Deploy.0 = Debug|Any CPU
		{AA24C884-DC66-4B14-8AB3-ADB21DFD9930}.Release|Any CPU.ActiveCfg = Release|Any CPU
		{AA24C884-DC66-4B14-8AB3-ADB21DFD9930}.Release|Any CPU.Build.0 = Release|Any CPU
		{AA24C884-DC66-4B14-8AB3-ADB21DFD9930}.Release|Any CPU.Deploy.0 = Release|Any CPU
		{C755A250-0351-4FDA-954E-BF60C40463B0}.Debug|Any CPU.ActiveCfg = Debug|Any CPU
		{C755A250-0351-4FDA-954E-BF60C40463B0}.Debug|Any CPU.Build.0 = Debug|Any CPU
		{C755A250-0351-4FDA-954E-BF60C40463B0}.Release|Any CPU.ActiveCfg = Release|Any CPU
		{C755A250-0351-4FDA-954E-BF60C40463B0}.Release|Any CPU.Build.0 = Release|Any CPU
	EndGlobalSection
	GlobalSection(SolutionProperties) = preSolution
		HideSolutionNode = FALSE
	EndGlobalSection
EndGlobal
